
Microsoft Visual Studio Solution File, Format Version 12.00
# Visual Studio Version 16
VisualStudioVersion = 16.0.30621.155
MinimumVisualStudioVersion = 10.0.40219.1
Project("{FAE04EC0-301F-11D3-BF4B-00C04F79EFBC}") = "WindowsAppPredicateCalculator", "WindowsAppPredicateCalculator.csproj", "{78700883-88AC-4CE8-840F-9C4EB0CD7E1E}"
EndProject
Global
	GlobalSection(SolutionConfigurationPlatforms) = preSolution
		Debug|Any CPU = Debug|Any CPU
		Release|Any CPU = Release|Any CPU
	EndGlobalSection
	GlobalSection(ProjectConfigurationPlatforms) = postSolution
		{78700883-88AC-4CE8-840F-9C4EB0CD7E1E}.Debug|Any CPU.ActiveCfg = Debug|Any CPU
		{78700883-88AC-4CE8-840F-9C4EB0CD7E1E}.Debug|Any CPU.Build.0 = Debug|Any CPU
		{78700883-88AC-4CE8-840F-9C4EB0CD7E1E}.Release|Any CPU.ActiveCfg = Release|Any CPU
		{78700883-88AC-4CE8-840F-9C4EB0CD7E1E}.Release|Any CPU.Build.0 = Release|Any CPU
	EndGlobalSection
	GlobalSection(SolutionProperties) = preSolution
		HideSolutionNode = FALSE
	EndGlobalSection
	GlobalSection(ExtensibilityGlobals) = postSolution
		SolutionGuid = {8CEA4252-64D4-4918-A10A-0F904D759C07}
	EndGlobalSection
EndGlobal
